
Microsoft Visual Studio Solution File, Format Version 12.00
# Visual Studio 15
VisualStudioVersion = 15.0.28010.2036
MinimumVisualStudioVersion = 10.0.40219.1
Project("{FAE04EC0-301F-11D3-BF4B-00C04F79EFBC}") = "QLWeb", "QLWeb\QLWeb.csproj", "{8068DAEB-5DEF-4B8B-B706-784AC2F61173}"
EndProject
Project("{FAE04EC0-301F-11D3-BF4B-00C04F79EFBC}") = "Common", "Common\Common.csproj", "{2E178024-1484-434C-8161-2155999D5F5E}"
EndProject
Global
	GlobalSection(SolutionConfigurationPlatforms) = preSolution
		Debug|Any CPU = Debug|Any CPU
		Release|Any CPU = Release|Any CPU
	EndGlobalSection
	GlobalSection(ProjectConfigurationPlatforms) = postSolution
		{8068DAEB-5DEF-4B8B-B706-784AC2F61173}.Debug|Any CPU.ActiveCfg = Debug|Any CPU
		{8068DAEB-5DEF-4B8B-B706-784AC2F61173}.Debug|Any CPU.Build.0 = Debug|Any CPU
		{8068DAEB-5DEF-4B8B-B706-784AC2F61173}.Release|Any CPU.ActiveCfg = Release|Any CPU
		{8068DAEB-5DEF-4B8B-B706-784AC2F61173}.Release|Any CPU.Build.0 = Release|Any CPU
		{2E178024-1484-434C-8161-2155999D5F5E}.Debug|Any CPU.ActiveCfg = Debug|Any CPU
		{2E178024-1484-434C-8161-2155999D5F5E}.Debug|Any CPU.Build.0 = Debug|Any CPU
		{2E178024-1484-434C-8161-2155999D5F5E}.Release|Any CPU.ActiveCfg = Release|Any CPU
		{2E178024-1484-434C-8161-2155999D5F5E}.Release|Any CPU.Build.0 = Release|Any CPU
	EndGlobalSection
	GlobalSection(SolutionProperties) = preSolution
		HideSolutionNode = FALSE
	EndGlobalSection
	GlobalSection(ExtensibilityGlobals) = postSolution
		SolutionGuid = {EE4E7C9F-D4B8-41E4-BC21-786C0785E386}
	EndGlobalSection
EndGlobal
